
Microsoft Visual Studio Solution File, Format Version 12.00
# Visual Studio Version 17
VisualStudioVersion = 17.7.34018.315
MinimumVisualStudioVersion = 10.0.40219.1
Project("{9A19103F-16F7-4668-BE54-9A1E7A4F7556}") = "PasswordManager", "PasswordManager\PasswordManager.csproj", "{F79896FA-4640-4736-A518-956ECDDDFF28}"
EndProject
Project("{FAE04EC0-301F-11D3-BF4B-00C04F79EFBC}") = "ConsoleApp1", "ConsoleApp1\ConsoleApp1.csproj", "{04BAC061-7FE5-4E2D-84E9-7F8D534D4C69}"
EndProject
Project("{FAE04EC0-301F-11D3-BF4B-00C04F79EFBC}") = "Database", "Database\Database.csproj", "{57B967FA-8AC1-46FA-A1F3-62C242DD5DD4}"
EndProject
Project("{FAE04EC0-301F-11D3-BF4B-00C04F79EFBC}") = "Encryption", "Encryption\Encryption.csproj", "{1139E7F9-47F8-4560-B180-D1B8E35A495C}"
EndProject
Project("{FAE04EC0-301F-11D3-BF4B-00C04F79EFBC}") = "UnitTests", "UnitTests\UnitTests.csproj", "{64C3FD9F-9BD8-4C64-AA11-4FDF2057BE16}"
EndProject
Global
	GlobalSection(SolutionConfigurationPlatforms) = preSolution
		Debug|Any CPU = Debug|Any CPU
		Release|Any CPU = Release|Any CPU
	EndGlobalSection
	GlobalSection(ProjectConfigurationPlatforms) = postSolution
		{F79896FA-4640-4736-A518-956ECDDDFF28}.Debug|Any CPU.ActiveCfg = Debug|Any CPU
		{F79896FA-4640-4736-A518-956ECDDDFF28}.Debug|Any CPU.Build.0 = Debug|Any CPU
		{F79896FA-4640-4736-A518-956ECDDDFF28}.Debug|Any CPU.Deploy.0 = Debug|Any CPU
		{F79896FA-4640-4736-A518-956ECDDDFF28}.Release|Any CPU.ActiveCfg = Release|Any CPU
		{F79896FA-4640-4736-A518-956ECDDDFF28}.Release|Any CPU.Build.0 = Release|Any CPU
		{F79896FA-4640-4736-A518-956ECDDDFF28}.Release|Any CPU.Deploy.0 = Release|Any CPU
		{04BAC061-7FE5-4E2D-84E9-7F8D534D4C69}.Debug|Any CPU.ActiveCfg = Debug|Any CPU
		{04BAC061-7FE5-4E2D-84E9-7F8D534D4C69}.Debug|Any CPU.Build.0 = Debug|Any CPU
		{04BAC061-7FE5-4E2D-84E9-7F8D534D4C69}.Release|Any CPU.ActiveCfg = Release|Any CPU
		{04BAC061-7FE5-4E2D-84E9-7F8D534D4C69}.Release|Any CPU.Build.0 = Release|Any CPU
		{57B967FA-8AC1-46FA-A1F3-62C242DD5DD4}.Debug|Any CPU.ActiveCfg = Debug|Any CPU
		{57B967FA-8AC1-46FA-A1F3-62C242DD5DD4}.Debug|Any CPU.Build.0 = Debug|Any CPU
		{57B967FA-8AC1-46FA-A1F3-62C242DD5DD4}.Release|Any CPU.ActiveCfg = Release|Any CPU
		{57B967FA-8AC1-46FA-A1F3-62C242DD5DD4}.Release|Any CPU.Build.0 = Release|Any CPU
		{1139E7F9-47F8-4560-B180-D1B8E35A495C}.Debug|Any CPU.ActiveCfg = Debug|Any CPU
		{1139E7F9-47F8-4560-B180-D1B8E35A495C}.Debug|Any CPU.Build.0 = Debug|Any CPU
		{1139E7F9-47F8-4560-B180-D1B8E35A495C}.Release|Any CPU.ActiveCfg = Release|Any CPU
		{1139E7F9-47F8-4560-B180-D1B8E35A495C}.Release|Any CPU.Build.0 = Release|Any CPU
		{64C3FD9F-9BD8-4C64-AA11-4FDF2057BE16}.Debug|Any CPU.ActiveCfg = Debug|Any CPU
		{64C3FD9F-9BD8-4C64-AA11-4FDF2057BE16}.Debug|Any CPU.Build.0 = Debug|Any CPU
		{64C3FD9F-9BD8-4C64-AA11-4FDF2057BE16}.Release|Any CPU.ActiveCfg = Release|Any CPU
		{64C3FD9F-9BD8-4C64-AA11-4FDF2057BE16}.Release|Any CPU.Build.0 = Release|Any CPU
	EndGlobalSection
	GlobalSection(SolutionProperties) = preSolution
		HideSolutionNode = FALSE
	EndGlobalSection
	GlobalSection(ExtensibilityGlobals) = postSolution
		SolutionGuid = {C51387DA-A37C-46E2-9D74-DDEE0CC617F6}
	EndGlobalSection
EndGlobal
